// !$*UTF8*$!
{
	archiveVersion = 1;
	classes = {
	};
	objectVersion = 46;
	objects = {

/* Begin PBXBuildFile section */
		270095EB1D2BFAA100007AFF /* SocialView.swift in Sources */ = {isa = PBXBuildFile; fileRef = 270095EA1D2BFAA100007AFF /* SocialView.swift */; };
		2700B50B1D0EDE9E00FF83D6 /* Goods.swift in Sources */ = {isa = PBXBuildFile; fileRef = 2700B50A1D0EDE9E00FF83D6 /* Goods.swift */; };
		270291CF1D0BEF9700009ED3 /* HeaderView.swift in Sources */ = {isa = PBXBuildFile; fileRef = 270291CE1D0BEF9700009ED3 /* HeaderView.swift */; };
		270291D11D0BEFC800009ED3 /* BannerView.swift in Sources */ = {isa = PBXBuildFile; fileRef = 270291D01D0BEFC800009ED3 /* BannerView.swift */; };
		270291D71D0C18D900009ED3 /* ChoiceCell.swift in Sources */ = {isa = PBXBuildFile; fileRef = 270291D61D0C18D900009ED3 /* ChoiceCell.swift */; };
		270291DD1D0C538900009ED3 /* ChoiceOnlyDinnerlists.swift in Sources */ = {isa = PBXBuildFile; fileRef = 270291DC1D0C538900009ED3 /* ChoiceOnlyDinnerlists.swift */; };
		270291DF1D0C729F00009ED3 /* TranslationCollectionViewController.swift in Sources */ = {isa = PBXBuildFile; fileRef = 270291DE1D0C729F00009ED3 /* TranslationCollectionViewController.swift */; };
		270291E11D0C74BF00009ED3 /* ChefCell.swift in Sources */ = {isa = PBXBuildFile; fileRef = 270291E01D0C74BF00009ED3 /* ChefCell.swift */; };
		270295B41D30A88200E468BA /* DiscoverChefCell.swift in Sources */ = {isa = PBXBuildFile; fileRef = 270295B31D30A88200E468BA /* DiscoverChefCell.swift */; };
		270295B91D30C27300E468BA /* GoodsIntroductionCell.swift in Sources */ = {isa = PBXBuildFile; fileRef = 270295B81D30C27300E468BA /* GoodsIntroductionCell.swift */; };
		270295BB1D30C68900E468BA /* SelectedTypeCell.swift in Sources */ = {isa = PBXBuildFile; fileRef = 270295BA1D30C68900E468BA /* SelectedTypeCell.swift */; };
		270295BD1D30CCAF00E468BA /* GoodsDetailCell.swift in Sources */ = {isa = PBXBuildFile; fileRef = 270295BC1D30CCAF00E468BA /* GoodsDetailCell.swift */; };
		27105F8C1D14EFDA00362F3E /* DinnerDetailViewController.swift in Sources */ = {isa = PBXBuildFile; fileRef = 27105F8B1D14EFDA00362F3E /* DinnerDetailViewController.swift */; };
		27105F901D150F0500362F3E /* DinnerDetailIntroductionCell.swift in Sources */ = {isa = PBXBuildFile; fileRef = 27105F8F1D150F0500362F3E /* DinnerDetailIntroductionCell.swift */; };
		27105F921D1512C600362F3E /* ChefInfoCell.swift in Sources */ = {isa = PBXBuildFile; fileRef = 27105F911D1512C600362F3E /* ChefInfoCell.swift */; };
		27105F941D15165B00362F3E /* FeatureDinnerTableView.swift in Sources */ = {isa = PBXBuildFile; fileRef = 27105F931D15165B00362F3E /* FeatureDinnerTableView.swift */; };
		27105F961D15175300362F3E /* FeatureDinnerDetailCell.swift in Sources */ = {isa = PBXBuildFile; fileRef = 27105F951D15175300362F3E /* FeatureDinnerDetailCell.swift */; };
		27165A2D1D09AE8000019140 /* AppDelegate.swift in Sources */ = {isa = PBXBuildFile; fileRef = 27165A2C1D09AE8000019140 /* AppDelegate.swift */; };
		27165A321D09AE8000019140 /* Main.storyboard in Resources */ = {isa = PBXBuildFile; fileRef = 27165A301D09AE8000019140 /* Main.storyboard */; };
		27165A341D09AE8000019140 /* Assets.xcassets in Resources */ = {isa = PBXBuildFile; fileRef = 27165A331D09AE8000019140 /* Assets.xcassets */; };
		27165A371D09AE8000019140 /* LaunchScreen.storyboard in Resources */ = {isa = PBXBuildFile; fileRef = 27165A351D09AE8000019140 /* LaunchScreen.storyboard */; };
		27165A421D09AE8100019140 /* yinshijiaTests.swift in Sources */ = {isa = PBXBuildFile; fileRef = 27165A411D09AE8100019140 /* yinshijiaTests.swift */; };
		27165A4D1D09AE8100019140 /* yinshijiaUITests.swift in Sources */ = {isa = PBXBuildFile; fileRef = 27165A4C1D09AE8100019140 /* yinshijiaUITests.swift */; };
		2719DFC91D28EA6E006D4467 /* OrderDescriptionCell.swift in Sources */ = {isa = PBXBuildFile; fileRef = 2719DFC81D28EA6E006D4467 /* OrderDescriptionCell.swift */; };
		2719DFCB1D28ED33006D4467 /* CustomeCommentCell.swift in Sources */ = {isa = PBXBuildFile; fileRef = 2719DFCA1D28ED33006D4467 /* CustomeCommentCell.swift */; };
		2719DFCD1D28ED88006D4467 /* CustomeCommentTableView.swift in Sources */ = {isa = PBXBuildFile; fileRef = 2719DFCC1D28ED88006D4467 /* CustomeCommentTableView.swift */; };
		2719DFD11D28FD93006D4467 /* CommentCell.swift in Sources */ = {isa = PBXBuildFile; fileRef = 2719DFD01D28FD93006D4467 /* CommentCell.swift */; };
		2728CF9D1D2D3B0200420983 /* EnvironmentScrollCell.swift in Sources */ = {isa = PBXBuildFile; fileRef = 2728CF9C1D2D3B0200420983 /* EnvironmentScrollCell.swift */; };
		272A2BAE1D31075800D6C6A3 /* GoodsDetailTableViewCell.swift in Sources */ = {isa = PBXBuildFile; fileRef = 272A2BAD1D31075800D6C6A3 /* GoodsDetailTableViewCell.swift */; };
		272A2BB01D310DFA00D6C6A3 /* ScheduleInfoCell.swift in Sources */ = {isa = PBXBuildFile; fileRef = 272A2BAF1D310DFA00D6C6A3 /* ScheduleInfoCell.swift */; };
		273D9C951D0CF5AE00E511B1 /* ChefList.swift in Sources */ = {isa = PBXBuildFile; fileRef = 273D9C941D0CF5AE00E511B1 /* ChefList.swift */; };
		273D9C971D0D030F00E511B1 /* ChefBannerView.swift in Sources */ = {isa = PBXBuildFile; fileRef = 273D9C961D0D030F00E511B1 /* ChefBannerView.swift */; };
		273D9C991D0D30F500E511B1 /* Chef.swift in Sources */ = {isa = PBXBuildFile; fileRef = 273D9C981D0D30F500E511B1 /* Chef.swift */; };
		273D9C9F1D0D680700E511B1 /* XLPlainFlowLayout.m in Sources */ = {isa = PBXBuildFile; fileRef = 273D9C9E1D0D680700E511B1 /* XLPlainFlowLayout.m */; };
		273D9CA11D0D683400E511B1 /* ChefSectionView.swift in Sources */ = {isa = PBXBuildFile; fileRef = 273D9CA01D0D683400E511B1 /* ChefSectionView.swift */; };
		274F7E8E1D28C8150070A16D /* ExtInfoView.swift in Sources */ = {isa = PBXBuildFile; fileRef = 274F7E8D1D28C8150070A16D /* ExtInfoView.swift */; };
		277D65081D2FE68600324045 /* Discover.swift in Sources */ = {isa = PBXBuildFile; fileRef = 277D65071D2FE68600324045 /* Discover.swift */; };
		277D650A1D2FE91600324045 /* MenuHeaderView.swift in Sources */ = {isa = PBXBuildFile; fileRef = 277D65091D2FE91600324045 /* MenuHeaderView.swift */; };
		278F3C861D2AA1B900D5F87B /* CustomMadeView.swift in Sources */ = {isa = PBXBuildFile; fileRef = 278F3C851D2AA1B900D5F87B /* CustomMadeView.swift */; };
		279265411D2E9EEE0026FA6C /* ChefInfoSectionHeaderView.swift in Sources */ = {isa = PBXBuildFile; fileRef = 279265401D2E9EEE0026FA6C /* ChefInfoSectionHeaderView.swift */; };
		27B177951D352DFC00E8209B /* PopView.swift in Sources */ = {isa = PBXBuildFile; fileRef = 27B177941D352DFC00E8209B /* PopView.swift */; };
		27B8C5DC1D0BC28900A9A114 /* Choice.swift in Sources */ = {isa = PBXBuildFile; fileRef = 27B8C5DB1D0BC28900A9A114 /* Choice.swift */; };
		27BE93E11D103F1600887178 /* CategoryList.swift in Sources */ = {isa = PBXBuildFile; fileRef = 27BE93E01D103F1600887178 /* CategoryList.swift */; };
		27C6B86B1D0BD97500B79A83 /* ChefViewController.swift in Sources */ = {isa = PBXBuildFile; fileRef = 27C6B86A1D0BD97500B79A83 /* ChefViewController.swift */; };
		27C6B86D1D0BD99600B79A83 /* MarketViewController.swift in Sources */ = {isa = PBXBuildFile; fileRef = 27C6B86C1D0BD99600B79A83 /* MarketViewController.swift */; };
		27C6B87E1D0BE7F100B79A83 /* SwiftyJSON.swift in Sources */ = {isa = PBXBuildFile; fileRef = 27C6B87D1D0BE7F100B79A83 /* SwiftyJSON.swift */; };
		27E1D4881D33C79E00914519 /* MarketGoodsScheduleView.swift in Sources */ = {isa = PBXBuildFile; fileRef = 27E1D4871D33C79E00914519 /* MarketGoodsScheduleView.swift */; };
		27E1D48A1D33CA7F00914519 /* ScheduleTitleCell.swift in Sources */ = {isa = PBXBuildFile; fileRef = 27E1D4891D33CA7F00914519 /* ScheduleTitleCell.swift */; };
		27E1D48C1D33CA9100914519 /* ScheduleTypeCell.swift in Sources */ = {isa = PBXBuildFile; fileRef = 27E1D48B1D33CA9100914519 /* ScheduleTypeCell.swift */; };
		27E1D48E1D33CAA300914519 /* ScheduleNumberCell.swift in Sources */ = {isa = PBXBuildFile; fileRef = 27E1D48D1D33CAA300914519 /* ScheduleNumberCell.swift */; };
		27E1D4901D33D84700914519 /* TypesCollectionViewCell.swift in Sources */ = {isa = PBXBuildFile; fileRef = 27E1D48F1D33D84700914519 /* TypesCollectionViewCell.swift */; };
		27E7EC821D16364C00E3F126 /* FeatureDinnerCell.swift in Sources */ = {isa = PBXBuildFile; fileRef = 27E7EC811D16364C00E3F126 /* FeatureDinnerCell.swift */; };
		27E7EC841D163BE500E3F126 /* MoreInfoCell.swift in Sources */ = {isa = PBXBuildFile; fileRef = 27E7EC831D163BE500E3F126 /* MoreInfoCell.swift */; };
		27E7EC861D163E8300E3F126 /* MenuCell.swift in Sources */ = {isa = PBXBuildFile; fileRef = 27E7EC851D163E8300E3F126 /* MenuCell.swift */; };
		27E7EC881D163EC500E3F126 /* MenuTable.swift in Sources */ = {isa = PBXBuildFile; fileRef = 27E7EC871D163EC500E3F126 /* MenuTable.swift */; };
		27F03E241D309FFD008297B6 /* MenuHeaderCollectionViewCell.swift in Sources */ = {isa = PBXBuildFile; fileRef = 27F03E231D309FFD008297B6 /* MenuHeaderCollectionViewCell.swift */; };
		27F684291D0BC9A700603199 /* BaseApi.swift in Sources */ = {isa = PBXBuildFile; fileRef = 27F684281D0BC9A700603199 /* BaseApi.swift */; };
		834210AD60DB606C78A85023 /* libPods.a in Frameworks */ = {isa = PBXBuildFile; fileRef = 09B398C9D62760EB0484300C /* libPods.a */; };
		8B0A46CF1D2F845600E65847 /* NavigationBarAnimationViewController.swift in Sources */ = {isa = PBXBuildFile; fileRef = 8B0A46CE1D2F845600E65847 /* NavigationBarAnimationViewController.swift */; };
		8B0A46D11D2FAA2E00E65847 /* MarketGoods.swift in Sources */ = {isa = PBXBuildFile; fileRef = 8B0A46D01D2FAA2E00E65847 /* MarketGoods.swift */; };
		8B0A46D51D2FAC6800E65847 /* MarketGoodsInfoViewController.swift in Sources */ = {isa = PBXBuildFile; fileRef = 8B0A46D41D2FAC6800E65847 /* MarketGoodsInfoViewController.swift */; };
		8B1C121E1D0A9D7400968DC9 /* TranslationTableViewController.swift in Sources */ = {isa = PBXBuildFile; fileRef = 8B1C121D1D0A9D7400968DC9 /* TranslationTableViewController.swift */; };
		8B1C12201D0AAD4C00968DC9 /* ChoiceViewController.swift in Sources */ = {isa = PBXBuildFile; fileRef = 8B1C121F1D0AAD4C00968DC9 /* ChoiceViewController.swift */; };
		8B1C12221D0AB7A100968DC9 /* Tabbar.swift in Sources */ = {isa = PBXBuildFile; fileRef = 8B1C12211D0AB7A100968DC9 /* Tabbar.swift */; };
		8B28037D1D221180002B5ED7 /* HomeNavigationBar.swift in Sources */ = {isa = PBXBuildFile; fileRef = 8B28037C1D221180002B5ED7 /* HomeNavigationBar.swift */; };
		8B7F93C61D0A53F2001A2207 /* Constant.swift in Sources */ = {isa = PBXBuildFile; fileRef = 8B7F93C51D0A53F2001A2207 /* Constant.swift */; };
		8B7F93C81D0A54D1001A2207 /* Extension.swift in Sources */ = {isa = PBXBuildFile; fileRef = 8B7F93C71D0A54D1001A2207 /* Extension.swift */; };
		8B7F93CA1D0A5617001A2207 /* BaseViewController.swift in Sources */ = {isa = PBXBuildFile; fileRef = 8B7F93C91D0A5617001A2207 /* BaseViewController.swift */; };
		8B7F93D71D0A5733001A2207 /* HomeViewController.swift in Sources */ = {isa = PBXBuildFile; fileRef = 8B7F93D61D0A5733001A2207 /* HomeViewController.swift */; };
		8B7F93D91D0A5747001A2207 /* DiscoverViewController.swift in Sources */ = {isa = PBXBuildFile; fileRef = 8B7F93D81D0A5747001A2207 /* DiscoverViewController.swift */; };
		8B7F93DB1D0A5755001A2207 /* CustomMadeViewController.swift in Sources */ = {isa = PBXBuildFile; fileRef = 8B7F93DA1D0A5755001A2207 /* CustomMadeViewController.swift */; };
		8B7F93DD1D0A5761001A2207 /* OrderViewController.swift in Sources */ = {isa = PBXBuildFile; fileRef = 8B7F93DC1D0A5761001A2207 /* OrderViewController.swift */; };
		8B7F93DF1D0A5769001A2207 /* MeViewController.swift in Sources */ = {isa = PBXBuildFile; fileRef = 8B7F93DE1D0A5769001A2207 /* MeViewController.swift */; };
		8B7F93E31D0A638F001A2207 /* PageViewController.swift in Sources */ = {isa = PBXBuildFile; fileRef = 8B7F93E21D0A638F001A2207 /* PageViewController.swift */; };
		8B7F93E51D0A6E65001A2207 /* BtnPageView.swift in Sources */ = {isa = PBXBuildFile; fileRef = 8B7F93E41D0A6E65001A2207 /* BtnPageView.swift */; };
		8B8489131D2B897200128B50 /* SVPHUD.swift in Sources */ = {isa = PBXBuildFile; fileRef = 8B8489121D2B897200128B50 /* SVPHUD.swift */; };
		8B8489151D2B8FD300128B50 /* CustomeCommentTableViewController.swift in Sources */ = {isa = PBXBuildFile; fileRef = 8B8489141D2B8FD300128B50 /* CustomeCommentTableViewController.swift */; };
		8B8F2C161D2CB14900AA79AA /* ChefInfo.swift in Sources */ = {isa = PBXBuildFile; fileRef = 8B8F2C151D2CB14900AA79AA /* ChefInfo.swift */; };
		8B8F2C181D2CB28E00AA79AA /* ChefInfoViewController.swift in Sources */ = {isa = PBXBuildFile; fileRef = 8B8F2C171D2CB28E00AA79AA /* ChefInfoViewController.swift */; };
		8B8F2C1D1D2CCC6800AA79AA /* ChefInfoHeaderView.swift in Sources */ = {isa = PBXBuildFile; fileRef = 8B8F2C1C1D2CCC6800AA79AA /* ChefInfoHeaderView.swift */; };
		8B944CA11D0A52CE0076822D /* BaseTabBarController.swift in Sources */ = {isa = PBXBuildFile; fileRef = 8B944CA01D0A52CE0076822D /* BaseTabBarController.swift */; };
		8B944CA31D0A52E40076822D /* BaseNavigationController.swift in Sources */ = {isa = PBXBuildFile; fileRef = 8B944CA21D0A52E40076822D /* BaseNavigationController.swift */; };
		8BA4F5AF1D66E1AB00AE94B1 /* UIButtonExtensions.swift in Sources */ = {isa = PBXBuildFile; fileRef = 8BA4F5AE1D66E1AB00AE94B1 /* UIButtonExtensions.swift */; };
		8BA9BC691D2641180044DBFB /* DinnerDetailTableView.swift in Sources */ = {isa = PBXBuildFile; fileRef = 8BA9BC681D2641180044DBFB /* DinnerDetailTableView.swift */; };
		8BC653D91D2DEBF300728C68 /* HistoryDinnerCell.swift in Sources */ = {isa = PBXBuildFile; fileRef = 8BC653D81D2DEBF300728C68 /* HistoryDinnerCell.swift */; };
		8BC653DB1D2DEF0300728C68 /* HistoryDinnerCollectionViewCell.swift in Sources */ = {isa = PBXBuildFile; fileRef = 8BC653DA1D2DEF0300728C68 /* HistoryDinnerCollectionViewCell.swift */; };
		8BC8184F1D17A1D8003E9D3E /* AddressInfoCell.swift in Sources */ = {isa = PBXBuildFile; fileRef = 8BC8184E1D17A1D8003E9D3E /* AddressInfoCell.swift */; };
		8BD02F991D0FDAF400EA45B0 /* CustomButton.swift in Sources */ = {isa = PBXBuildFile; fileRef = 8BD02F981D0FDAF400EA45B0 /* CustomButton.swift */; };
		8BD02FA31D0FDE2700EA45B0 /* ChoiceListTableViewController.swift in Sources */ = {isa = PBXBuildFile; fileRef = 8BD02FA21D0FDE2700EA45B0 /* ChoiceListTableViewController.swift */; };
		8BD02FA51D0FDF7000EA45B0 /* ChoiceList.swift in Sources */ = {isa = PBXBuildFile; fileRef = 8BD02FA41D0FDF7000EA45B0 /* ChoiceList.swift */; };
		8BD02FA91D0FFABC00EA45B0 /* ChoiceListCell.swift in Sources */ = {isa = PBXBuildFile; fileRef = 8BD02FA81D0FFABC00EA45B0 /* ChoiceListCell.swift */; };
		8BE377711D1796BE000905A6 /* EnvironmentInfoView.swift in Sources */ = {isa = PBXBuildFile; fileRef = 8BE377701D1796BE000905A6 /* EnvironmentInfoView.swift */; };
		8BE377731D1797E0000905A6 /* ChefDinner.swift in Sources */ = {isa = PBXBuildFile; fileRef = 8BE377721D1797E0000905A6 /* ChefDinner.swift */; };
		8BF687171D2CDB4D005A427F /* ChefInfoMarksCell.swift in Sources */ = {isa = PBXBuildFile; fileRef = 8BF687161D2CDB4D005A427F /* ChefInfoMarksCell.swift */; };
		8BF687191D2CE3C8005A427F /* MarksCollectionCell.swift in Sources */ = {isa = PBXBuildFile; fileRef = 8BF687181D2CE3C8005A427F /* MarksCollectionCell.swift */; };
		8BF6871B1D2CEBCF005A427F /* PersonalDinnerCell.swift in Sources */ = {isa = PBXBuildFile; fileRef = 8BF6871A1D2CEBCF005A427F /* PersonalDinnerCell.swift */; };
		8BF6871D1D2CED34005A427F /* PersonalDinnerView.swift in Sources */ = {isa = PBXBuildFile; fileRef = 8BF6871C1D2CED34005A427F /* PersonalDinnerView.swift */; };
/* End PBXBuildFile section */

/* Begin PBXContainerItemProxy section */
		27165A3E1D09AE8100019140 /* PBXContainerItemProxy */ = {
			isa = PBXContainerItemProxy;
			containerPortal = 27165A211D09AE8000019140 /* Project object */;
			proxyType = 1;
			remoteGlobalIDString = 27165A281D09AE8000019140;
			remoteInfo = yinshijia;
		};
		27165A491D09AE8100019140 /* PBXContainerItemProxy */ = {
			isa = PBXContainerItemProxy;
			containerPortal = 27165A211D09AE8000019140 /* Project object */;
			proxyType = 1;
			remoteGlobalIDString = 27165A281D09AE8000019140;
			remoteInfo = yinshijia;
		};
/* End PBXContainerItemProxy section */

/* Begin PBXFileReference section */
		09B398C9D62760EB0484300C /* libPods.a */ = {isa = PBXFileReference; explicitFileType = archive.ar; includeInIndex = 0; path = libPods.a; sourceTree = BUILT_PRODUCTS_DIR; };
		270095EA1D2BFAA100007AFF /* SocialView.swift */ = {isa = PBXFileReference; fileEncoding = 4; lastKnownFileType = sourcecode.swift; path = SocialView.swift; sourceTree = "<group>"; };
		2700B50A1D0EDE9E00FF83D6 /* Goods.swift */ = {isa = PBXFileReference; fileEncoding = 4; lastKnownFileType = sourcecode.swift; path = Goods.swift; sourceTree = "<group>"; };
		270291CE1D0BEF9700009ED3 /* HeaderView.swift */ = {isa = PBXFileReference; fileEncoding = 4; lastKnownFileType = sourcecode.swift; path = HeaderView.swift; sourceTree = "<group>"; };
		270291D01D0BEFC800009ED3 /* BannerView.swift */ = {isa = PBXFileReference; fileEncoding = 4; lastKnownFileType = sourcecode.swift; path = BannerView.swift; sourceTree = "<group>"; };
		270291D61D0C18D900009ED3 /* ChoiceCell.swift */ = {isa = PBXFileReference; fileEncoding = 4; lastKnownFileType = sourcecode.swift; path = ChoiceCell.swift; sourceTree = "<group>"; };
		270291DC1D0C538900009ED3 /* ChoiceOnlyDinnerlists.swift */ = {isa = PBXFileReference; fileEncoding = 4; lastKnownFileType = sourcecode.swift; path = ChoiceOnlyDinnerlists.swift; sourceTree = "<group>"; };
		270291DE1D0C729F00009ED3 /* TranslationCollectionViewController.swift */ = {isa = PBXFileReference; fileEncoding = 4; lastKnownFileType = sourcecode.swift; path = TranslationCollectionViewController.swift; sourceTree = "<group>"; };
		270291E01D0C74BF00009ED3 /* ChefCell.swift */ = {isa = PBXFileReference; fileEncoding = 4; lastKnownFileType = sourcecode.swift; path = ChefCell.swift; sourceTree = "<group>"; };
		270295B31D30A88200E468BA /* DiscoverChefCell.swift */ = {isa = PBXFileReference; fileEncoding = 4; lastKnownFileType = sourcecode.swift; path = DiscoverChefCell.swift; sourceTree = "<group>"; };
		270295B81D30C27300E468BA /* GoodsIntroductionCell.swift */ = {isa = PBXFileReference; fileEncoding = 4; lastKnownFileType = sourcecode.swift; path = GoodsIntroductionCell.swift; sourceTree = "<group>"; };
		270295BA1D30C68900E468BA /* SelectedTypeCell.swift */ = {isa = PBXFileReference; fileEncoding = 4; lastKnownFileType = sourcecode.swift; path = SelectedTypeCell.swift; sourceTree = "<group>"; };
		270295BC1D30CCAF00E468BA /* GoodsDetailCell.swift */ = {isa = PBXFileReference; fileEncoding = 4; lastKnownFileType = sourcecode.swift; path = GoodsDetailCell.swift; sourceTree = "<group>"; };
		27105F8B1D14EFDA00362F3E /* DinnerDetailViewController.swift */ = {isa = PBXFileReference; fileEncoding = 4; lastKnownFileType = sourcecode.swift; path = DinnerDetailViewController.swift; sourceTree = "<group>"; };
		27105F8F1D150F0500362F3E /* DinnerDetailIntroductionCell.swift */ = {isa = PBXFileReference; fileEncoding = 4; lastKnownFileType = sourcecode.swift; path = DinnerDetailIntroductionCell.swift; sourceTree = "<group>"; };
		27105F911D1512C600362F3E /* ChefInfoCell.swift */ = {isa = PBXFileReference; fileEncoding = 4; lastKnownFileType = sourcecode.swift; path = ChefInfoCell.swift; sourceTree = "<group>"; };
		27105F931D15165B00362F3E /* FeatureDinnerTableView.swift */ = {isa = PBXFileReference; fileEncoding = 4; lastKnownFileType = sourcecode.swift; path = FeatureDinnerTableView.swift; sourceTree = "<group>"; };
		27105F951D15175300362F3E /* FeatureDinnerDetailCell.swift */ = {isa = PBXFileReference; fileEncoding = 4; lastKnownFileType = sourcecode.swift; path = FeatureDinnerDetailCell.swift; sourceTree = "<group>"; };
		27165A291D09AE8000019140 /* yinshijia.app */ = {isa = PBXFileReference; explicitFileType = wrapper.application; includeInIndex = 0; path = yinshijia.app; sourceTree = BUILT_PRODUCTS_DIR; };
		27165A2C1D09AE8000019140 /* AppDelegate.swift */ = {isa = PBXFileReference; lastKnownFileType = sourcecode.swift; path = AppDelegate.swift; sourceTree = "<group>"; };
		27165A311D09AE8000019140 /* Base */ = {isa = PBXFileReference; lastKnownFileType = file.storyboard; name = Base; path = Base.lproj/Main.storyboard; sourceTree = "<group>"; };
		27165A331D09AE8000019140 /* Assets.xcassets */ = {isa = PBXFileReference; lastKnownFileType = folder.assetcatalog; path = Assets.xcassets; sourceTree = "<group>"; };
		27165A361D09AE8000019140 /* Base */ = {isa = PBXFileReference; lastKnownFileType = file.storyboard; name = Base; path = Base.lproj/LaunchScreen.storyboard; sourceTree = "<group>"; };
		27165A381D09AE8000019140 /* Info.plist */ = {isa = PBXFileReference; lastKnownFileType = text.plist.xml; path = Info.plist; sourceTree = "<group>"; };
		27165A3D1D09AE8100019140 /* yinshijiaTests.xctest */ = {isa = PBXFileReference; explicitFileType = wrapper.cfbundle; includeInIndex = 0; path = yinshijiaTests.xctest; sourceTree = BUILT_PRODUCTS_DIR; };
		27165A411D09AE8100019140 /* yinshijiaTests.swift */ = {isa = PBXFileReference; lastKnownFileType = sourcecode.swift; path = yinshijiaTests.swift; sourceTree = "<group>"; };
		27165A431D09AE8100019140 /* Info.plist */ = {isa = PBXFileReference; lastKnownFileType = text.plist.xml; path = Info.plist; sourceTree = "<group>"; };
		27165A481D09AE8100019140 /* yinshijiaUITests.xctest */ = {isa = PBXFileReference; explicitFileType = wrapper.cfbundle; includeInIndex = 0; path = yinshijiaUITests.xctest; sourceTree = BUILT_PRODUCTS_DIR; };
		27165A4C1D09AE8100019140 /* yinshijiaUITests.swift */ = {isa = PBXFileReference; lastKnownFileType = sourcecode.swift; path = yinshijiaUITests.swift; sourceTree = "<group>"; };
		27165A4E1D09AE8100019140 /* Info.plist */ = {isa = PBXFileReference; lastKnownFileType = text.plist.xml; path = Info.plist; sourceTree = "<group>"; };
		2719DFC81D28EA6E006D4467 /* OrderDescriptionCell.swift */ = {isa = PBXFileReference; fileEncoding = 4; lastKnownFileType = sourcecode.swift; path = OrderDescriptionCell.swift; sourceTree = "<group>"; };
		2719DFCA1D28ED33006D4467 /* CustomeCommentCell.swift */ = {isa = PBXFileReference; fileEncoding = 4; lastKnownFileType = sourcecode.swift; path = CustomeCommentCell.swift; sourceTree = "<group>"; };
		2719DFCC1D28ED88006D4467 /* CustomeCommentTableView.swift */ = {isa = PBXFileReference; fileEncoding = 4; lastKnownFileType = sourcecode.swift; path = CustomeCommentTableView.swift; sourceTree = "<group>"; };
		2719DFD01D28FD93006D4467 /* CommentCell.swift */ = {isa = PBXFileReference; fileEncoding = 4; lastKnownFileType = sourcecode.swift; path = CommentCell.swift; sourceTree = "<group>"; };
		2728CF9C1D2D3B0200420983 /* EnvironmentScrollCell.swift */ = {isa = PBXFileReference; fileEncoding = 4; lastKnownFileType = sourcecode.swift; path = EnvironmentScrollCell.swift; sourceTree = "<group>"; };
		272A2BAD1D31075800D6C6A3 /* GoodsDetailTableViewCell.swift */ = {isa = PBXFileReference; fileEncoding = 4; lastKnownFileType = sourcecode.swift; path = GoodsDetailTableViewCell.swift; sourceTree = "<group>"; };
		272A2BAF1D310DFA00D6C6A3 /* ScheduleInfoCell.swift */ = {isa = PBXFileReference; fileEncoding = 4; lastKnownFileType = sourcecode.swift; path = ScheduleInfoCell.swift; sourceTree = "<group>"; };
		273D9C941D0CF5AE00E511B1 /* ChefList.swift */ = {isa = PBXFileReference; fileEncoding = 4; lastKnownFileType = sourcecode.swift; path = ChefList.swift; sourceTree = "<group>"; };
		273D9C961D0D030F00E511B1 /* ChefBannerView.swift */ = {isa = PBXFileReference; fileEncoding = 4; lastKnownFileType = sourcecode.swift; path = ChefBannerView.swift; sourceTree = "<group>"; };
		273D9C981D0D30F500E511B1 /* Chef.swift */ = {isa = PBXFileReference; fileEncoding = 4; lastKnownFileType = sourcecode.swift; path = Chef.swift; sourceTree = "<group>"; };
		273D9C9D1D0D680700E511B1 /* XLPlainFlowLayout.h */ = {isa = PBXFileReference; fileEncoding = 4; lastKnownFileType = sourcecode.c.h; path = XLPlainFlowLayout.h; sourceTree = "<group>"; };
		273D9C9E1D0D680700E511B1 /* XLPlainFlowLayout.m */ = {isa = PBXFileReference; fileEncoding = 4; lastKnownFileType = sourcecode.c.objc; path = XLPlainFlowLayout.m; sourceTree = "<group>"; };
		273D9CA01D0D683400E511B1 /* ChefSectionView.swift */ = {isa = PBXFileReference; fileEncoding = 4; lastKnownFileType = sourcecode.swift; path = ChefSectionView.swift; sourceTree = "<group>"; };
		274F7E8D1D28C8150070A16D /* ExtInfoView.swift */ = {isa = PBXFileReference; fileEncoding = 4; lastKnownFileType = sourcecode.swift; path = ExtInfoView.swift; sourceTree = "<group>"; };
		277D65071D2FE68600324045 /* Discover.swift */ = {isa = PBXFileReference; fileEncoding = 4; lastKnownFileType = sourcecode.swift; path = Discover.swift; sourceTree = "<group>"; };
		277D65091D2FE91600324045 /* MenuHeaderView.swift */ = {isa = PBXFileReference; fileEncoding = 4; lastKnownFileType = sourcecode.swift; path = MenuHeaderView.swift; sourceTree = "<group>"; };
		278F3C851D2AA1B900D5F87B /* CustomMadeView.swift */ = {isa = PBXFileReference; fileEncoding = 4; lastKnownFileType = sourcecode.swift; path = CustomMadeView.swift; sourceTree = "<group>"; };
		279265401D2E9EEE0026FA6C /* ChefInfoSectionHeaderView.swift */ = {isa = PBXFileReference; fileEncoding = 4; lastKnownFileType = sourcecode.swift; path = ChefInfoSectionHeaderView.swift; sourceTree = "<group>"; };
		27B177941D352DFC00E8209B /* PopView.swift */ = {isa = PBXFileReference; fileEncoding = 4; lastKnownFileType = sourcecode.swift; path = PopView.swift; sourceTree = "<group>"; };
		27B8C5DB1D0BC28900A9A114 /* Choice.swift */ = {isa = PBXFileReference; fileEncoding = 4; lastKnownFileType = sourcecode.swift; path = Choice.swift; sourceTree = "<group>"; };
		27BE93E01D103F1600887178 /* CategoryList.swift */ = {isa = PBXFileReference; fileEncoding = 4; lastKnownFileType = sourcecode.swift; path = CategoryList.swift; sourceTree = "<group>"; };
		27C6B86A1D0BD97500B79A83 /* ChefViewController.swift */ = {isa = PBXFileReference; fileEncoding = 4; lastKnownFileType = sourcecode.swift; path = ChefViewController.swift; sourceTree = "<group>"; };
		27C6B86C1D0BD99600B79A83 /* MarketViewController.swift */ = {isa = PBXFileReference; fileEncoding = 4; lastKnownFileType = sourcecode.swift; path = MarketViewController.swift; sourceTree = "<group>"; };
		27C6B87D1D0BE7F100B79A83 /* SwiftyJSON.swift */ = {isa = PBXFileReference; fileEncoding = 4; lastKnownFileType = sourcecode.swift; name = SwiftyJSON.swift; path = ../SwiftyJSON.swift; sourceTree = "<group>"; };
		27E1D4871D33C79E00914519 /* MarketGoodsScheduleView.swift */ = {isa = PBXFileReference; fileEncoding = 4; lastKnownFileType = sourcecode.swift; path = MarketGoodsScheduleView.swift; sourceTree = "<group>"; };
		27E1D4891D33CA7F00914519 /* ScheduleTitleCell.swift */ = {isa = PBXFileReference; fileEncoding = 4; lastKnownFileType = sourcecode.swift; path = ScheduleTitleCell.swift; sourceTree = "<group>"; };
		27E1D48B1D33CA9100914519 /* ScheduleTypeCell.swift */ = {isa = PBXFileReference; fileEncoding = 4; lastKnownFileType = sourcecode.swift; path = ScheduleTypeCell.swift; sourceTree = "<group>"; };
		27E1D48D1D33CAA300914519 /* ScheduleNumberCell.swift */ = {isa = PBXFileReference; fileEncoding = 4; lastKnownFileType = sourcecode.swift; path = ScheduleNumberCell.swift; sourceTree = "<group>"; };
		27E1D48F1D33D84700914519 /* TypesCollectionViewCell.swift */ = {isa = PBXFileReference; fileEncoding = 4; lastKnownFileType = sourcecode.swift; path = TypesCollectionViewCell.swift; sourceTree = "<group>"; };
		27E7EC811D16364C00E3F126 /* FeatureDinnerCell.swift */ = {isa = PBXFileReference; fileEncoding = 4; lastKnownFileType = sourcecode.swift; path = FeatureDinnerCell.swift; sourceTree = "<group>"; };
		27E7EC831D163BE500E3F126 /* MoreInfoCell.swift */ = {isa = PBXFileReference; fileEncoding = 4; lastKnownFileType = sourcecode.swift; path = MoreInfoCell.swift; sourceTree = "<group>"; };
		27E7EC851D163E8300E3F126 /* MenuCell.swift */ = {isa = PBXFileReference; fileEncoding = 4; lastKnownFileType = sourcecode.swift; path = MenuCell.swift; sourceTree = "<group>"; };
		27E7EC871D163EC500E3F126 /* MenuTable.swift */ = {isa = PBXFileReference; fileEncoding = 4; lastKnownFileType = sourcecode.swift; path = MenuTable.swift; sourceTree = "<group>"; };
		27F03E231D309FFD008297B6 /* MenuHeaderCollectionViewCell.swift */ = {isa = PBXFileReference; fileEncoding = 4; lastKnownFileType = sourcecode.swift; path = MenuHeaderCollectionViewCell.swift; sourceTree = "<group>"; };
		27F684281D0BC9A700603199 /* BaseApi.swift */ = {isa = PBXFileReference; fileEncoding = 4; lastKnownFileType = sourcecode.swift; path = BaseApi.swift; sourceTree = "<group>"; };
		56280425BA504C6113327FD7 /* Pods.debug.xcconfig */ = {isa = PBXFileReference; includeInIndex = 1; lastKnownFileType = text.xcconfig; name = Pods.debug.xcconfig; path = "Pods/Target Support Files/Pods/Pods.debug.xcconfig"; sourceTree = "<group>"; };
		8B0A46CE1D2F845600E65847 /* NavigationBarAnimationViewController.swift */ = {isa = PBXFileReference; fileEncoding = 4; lastKnownFileType = sourcecode.swift; path = NavigationBarAnimationViewController.swift; sourceTree = "<group>"; };
		8B0A46D01D2FAA2E00E65847 /* MarketGoods.swift */ = {isa = PBXFileReference; fileEncoding = 4; lastKnownFileType = sourcecode.swift; path = MarketGoods.swift; sourceTree = "<group>"; };
		8B0A46D41D2FAC6800E65847 /* MarketGoodsInfoViewController.swift */ = {isa = PBXFileReference; fileEncoding = 4; lastKnownFileType = sourcecode.swift; path = MarketGoodsInfoViewController.swift; sourceTree = "<group>"; };
		8B1C12151D0A950600968DC9 /* yinshijia-Bridging-Header.h */ = {isa = PBXFileReference; lastKnownFileType = sourcecode.c.h; path = "yinshijia-Bridging-Header.h"; sourceTree = "<group>"; };
		8B1C121D1D0A9D7400968DC9 /* TranslationTableViewController.swift */ = {isa = PBXFileReference; fileEncoding = 4; lastKnownFileType = sourcecode.swift; path = TranslationTableViewController.swift; sourceTree = "<group>"; };
		8B1C121F1D0AAD4C00968DC9 /* ChoiceViewController.swift */ = {isa = PBXFileReference; fileEncoding = 4; lastKnownFileType = sourcecode.swift; path = ChoiceViewController.swift; sourceTree = "<group>"; };
		8B1C12211D0AB7A100968DC9 /* Tabbar.swift */ = {isa = PBXFileReference; fileEncoding = 4; lastKnownFileType = sourcecode.swift; path = Tabbar.swift; sourceTree = "<group>"; };
		8B28037C1D221180002B5ED7 /* HomeNavigationBar.swift */ = {isa = PBXFileReference; fileEncoding = 4; lastKnownFileType = sourcecode.swift; path = HomeNavigationBar.swift; sourceTree = "<group>"; };
		8B7F93C51D0A53F2001A2207 /* Constant.swift */ = {isa = PBXFileReference; fileEncoding = 4; lastKnownFileType = sourcecode.swift; path = Constant.swift; sourceTree = "<group>"; };
		8B7F93C71D0A54D1001A2207 /* Extension.swift */ = {isa = PBXFileReference; fileEncoding = 4; lastKnownFileType = sourcecode.swift; path = Extension.swift; sourceTree = "<group>"; };
		8B7F93C91D0A5617001A2207 /* BaseViewController.swift */ = {isa = PBXFileReference; fileEncoding = 4; lastKnownFileType = sourcecode.swift; path = BaseViewController.swift; sourceTree = "<group>"; };
		8B7F93D61D0A5733001A2207 /* HomeViewController.swift */ = {isa = PBXFileReference; fileEncoding = 4; lastKnownFileType = sourcecode.swift; path = HomeViewController.swift; sourceTree = "<group>"; };
		8B7F93D81D0A5747001A2207 /* DiscoverViewController.swift */ = {isa = PBXFileReference; fileEncoding = 4; lastKnownFileType = sourcecode.swift; path = DiscoverViewController.swift; sourceTree = "<group>"; };
		8B7F93DA1D0A5755001A2207 /* CustomMadeViewController.swift */ = {isa = PBXFileReference; fileEncoding = 4; lastKnownFileType = sourcecode.swift; path = CustomMadeViewController.swift; sourceTree = "<group>"; };
		8B7F93DC1D0A5761001A2207 /* OrderViewController.swift */ = {isa = PBXFileReference; fileEncoding = 4; lastKnownFileType = sourcecode.swift; path = OrderViewController.swift; sourceTree = "<group>"; };
		8B7F93DE1D0A5769001A2207 /* MeViewController.swift */ = {isa = PBXFileReference; fileEncoding = 4; lastKnownFileType = sourcecode.swift; path = MeViewController.swift; sourceTree = "<group>"; };
		8B7F93E21D0A638F001A2207 /* PageViewController.swift */ = {isa = PBXFileReference; fileEncoding = 4; lastKnownFileType = sourcecode.swift; path = PageViewController.swift; sourceTree = "<group>"; };
		8B7F93E41D0A6E65001A2207 /* BtnPageView.swift */ = {isa = PBXFileReference; fileEncoding = 4; lastKnownFileType = sourcecode.swift; path = BtnPageView.swift; sourceTree = "<group>"; };
		8B8489121D2B897200128B50 /* SVPHUD.swift */ = {isa = PBXFileReference; fileEncoding = 4; lastKnownFileType = sourcecode.swift; path = SVPHUD.swift; sourceTree = "<group>"; };
		8B8489141D2B8FD300128B50 /* CustomeCommentTableViewController.swift */ = {isa = PBXFileReference; fileEncoding = 4; lastKnownFileType = sourcecode.swift; path = CustomeCommentTableViewController.swift; sourceTree = "<group>"; };
		8B8F2C151D2CB14900AA79AA /* ChefInfo.swift */ = {isa = PBXFileReference; fileEncoding = 4; lastKnownFileType = sourcecode.swift; path = ChefInfo.swift; sourceTree = "<group>"; };
		8B8F2C171D2CB28E00AA79AA /* ChefInfoViewController.swift */ = {isa = PBXFileReference; fileEncoding = 4; lastKnownFileType = sourcecode.swift; path = ChefInfoViewController.swift; sourceTree = "<group>"; };
		8B8F2C1C1D2CCC6800AA79AA /* ChefInfoHeaderView.swift */ = {isa = PBXFileReference; fileEncoding = 4; lastKnownFileType = sourcecode.swift; path = ChefInfoHeaderView.swift; sourceTree = "<group>"; };
		8B944CA01D0A52CE0076822D /* BaseTabBarController.swift */ = {isa = PBXFileReference; fileEncoding = 4; lastKnownFileType = sourcecode.swift; path = BaseTabBarController.swift; sourceTree = "<group>"; };
		8B944CA21D0A52E40076822D /* BaseNavigationController.swift */ = {isa = PBXFileReference; fileEncoding = 4; lastKnownFileType = sourcecode.swift; path = BaseNavigationController.swift; sourceTree = "<group>"; };
		8BA4F5AE1D66E1AB00AE94B1 /* UIButtonExtensions.swift */ = {isa = PBXFileReference; fileEncoding = 4; lastKnownFileType = sourcecode.swift; path = UIButtonExtensions.swift; sourceTree = "<group>"; };
		8BA9BC681D2641180044DBFB /* DinnerDetailTableView.swift */ = {isa = PBXFileReference; fileEncoding = 4; lastKnownFileType = sourcecode.swift; path = DinnerDetailTableView.swift; sourceTree = "<group>"; };
		8BC653D81D2DEBF300728C68 /* HistoryDinnerCell.swift */ = {isa = PBXFileReference; fileEncoding = 4; lastKnownFileType = sourcecode.swift; path = HistoryDinnerCell.swift; sourceTree = "<group>"; };
		8BC653DA1D2DEF0300728C68 /* HistoryDinnerCollectionViewCell.swift */ = {isa = PBXFileReference; fileEncoding = 4; lastKnownFileType = sourcecode.swift; path = HistoryDinnerCollectionViewCell.swift; sourceTree = "<group>"; };
		8BC8184E1D17A1D8003E9D3E /* AddressInfoCell.swift */ = {isa = PBXFileReference; fileEncoding = 4; lastKnownFileType = sourcecode.swift; path = AddressInfoCell.swift; sourceTree = "<group>"; };
		8BD02F981D0FDAF400EA45B0 /* CustomButton.swift */ = {isa = PBXFileReference; fileEncoding = 4; lastKnownFileType = sourcecode.swift; path = CustomButton.swift; sourceTree = "<group>"; };
		8BD02FA21D0FDE2700EA45B0 /* ChoiceListTableViewController.swift */ = {isa = PBXFileReference; fileEncoding = 4; lastKnownFileType = sourcecode.swift; path = ChoiceListTableViewController.swift; sourceTree = "<group>"; };
		8BD02FA41D0FDF7000EA45B0 /* ChoiceList.swift */ = {isa = PBXFileReference; fileEncoding = 4; lastKnownFileType = sourcecode.swift; path = ChoiceList.swift; sourceTree = "<group>"; };
		8BD02FA81D0FFABC00EA45B0 /* ChoiceListCell.swift */ = {isa = PBXFileReference; fileEncoding = 4; lastKnownFileType = sourcecode.swift; path = ChoiceListCell.swift; sourceTree = "<group>"; };
		8BE377701D1796BE000905A6 /* EnvironmentInfoView.swift */ = {isa = PBXFileReference; fileEncoding = 4; lastKnownFileType = sourcecode.swift; path = EnvironmentInfoView.swift; sourceTree = "<group>"; };
		8BE377721D1797E0000905A6 /* ChefDinner.swift */ = {isa = PBXFileReference; fileEncoding = 4; lastKnownFileType = sourcecode.swift; path = ChefDinner.swift; sourceTree = "<group>"; };
		8BF687161D2CDB4D005A427F /* ChefInfoMarksCell.swift */ = {isa = PBXFileReference; fileEncoding = 4; lastKnownFileType = sourcecode.swift; path = ChefInfoMarksCell.swift; sourceTree = "<group>"; };
		8BF687181D2CE3C8005A427F /* MarksCollectionCell.swift */ = {isa = PBXFileReference; fileEncoding = 4; lastKnownFileType = sourcecode.swift; path = MarksCollectionCell.swift; sourceTree = "<group>"; };
		8BF6871A1D2CEBCF005A427F /* PersonalDinnerCell.swift */ = {isa = PBXFileReference; fileEncoding = 4; lastKnownFileType = sourcecode.swift; path = PersonalDinnerCell.swift; sourceTree = "<group>"; };
		8BF6871C1D2CED34005A427F /* PersonalDinnerView.swift */ = {isa = PBXFileReference; fileEncoding = 4; lastKnownFileType = sourcecode.swift; path = PersonalDinnerView.swift; sourceTree = "<group>"; };
		F35128F4350D7DC4AA2EC1C7 /* Pods.release.xcconfig */ = {isa = PBXFileReference; includeInIndex = 1; lastKnownFileType = text.xcconfig; name = Pods.release.xcconfig; path = "Pods/Target Support Files/Pods/Pods.release.xcconfig"; sourceTree = "<group>"; };
/* End PBXFileReference section */

/* Begin PBXFrameworksBuildPhase section */
		27165A261D09AE8000019140 /* Frameworks */ = {
			isa = PBXFrameworksBuildPhase;
			buildActionMask = 2147483647;
			files = (
				834210AD60DB606C78A85023 /* libPods.a in Frameworks */,
			);
			runOnlyForDeploymentPostprocessing = 0;
		};
		27165A3A1D09AE8100019140 /* Frameworks */ = {
			isa = PBXFrameworksBuildPhase;
			buildActionMask = 2147483647;
			files = (
			);
			runOnlyForDeploymentPostprocessing = 0;
		};
		27165A451D09AE8100019140 /* Frameworks */ = {
			isa = PBXFrameworksBuildPhase;
			buildActionMask = 2147483647;
			files = (
			);
			runOnlyForDeploymentPostprocessing = 0;
		};
/* End PBXFrameworksBuildPhase section */

/* Begin PBXGroup section */
		270295B71D30C25400E468BA /* MarketGoods */ = {
			isa = PBXGroup;
			children = (
				270295B81D30C27300E468BA /* GoodsIntroductionCell.swift */,
				270295BA1D30C68900E468BA /* SelectedTypeCell.swift */,
				270295BC1D30CCAF00E468BA /* GoodsDetailCell.swift */,
				272A2BAD1D31075800D6C6A3 /* GoodsDetailTableViewCell.swift */,
				272A2BAF1D310DFA00D6C6A3 /* ScheduleInfoCell.swift */,
				27E1D4871D33C79E00914519 /* MarketGoodsScheduleView.swift */,
				27E1D4891D33CA7F00914519 /* ScheduleTitleCell.swift */,
				27E1D48B1D33CA9100914519 /* ScheduleTypeCell.swift */,
				27E1D48D1D33CAA300914519 /* ScheduleNumberCell.swift */,
				27E1D48F1D33D84700914519 /* TypesCollectionViewCell.swift */,
			);
			path = MarketGoods;
			sourceTree = "<group>";
		};
		27165A201D09AE8000019140 = {
			isa = PBXGroup;
			children = (
				27165A2B1D09AE8000019140 /* yinshijia */,
				27165A401D09AE8100019140 /* yinshijiaTests */,
				27165A4B1D09AE8100019140 /* yinshijiaUITests */,
				27165A2A1D09AE8000019140 /* Products */,
				AD84247ECA3A4A1F1299A732 /* Pods */,
				7FB0DBE4BE89B9E487EF2F9B /* Frameworks */,
			);
			sourceTree = "<group>";
		};
		27165A2A1D09AE8000019140 /* Products */ = {
			isa = PBXGroup;
			children = (
				27165A291D09AE8000019140 /* yinshijia.app */,
				27165A3D1D09AE8100019140 /* yinshijiaTests.xctest */,
				27165A481D09AE8100019140 /* yinshijiaUITests.xctest */,
			);
			name = Products;
			sourceTree = "<group>";
		};
		27165A2B1D09AE8000019140 /* yinshijia */ = {
			isa = PBXGroup;
			children = (
				27165A2C1D09AE8000019140 /* AppDelegate.swift */,
				8B944C981D0A517D0076822D /* Controllers */,
				8B944C9E1D0A517D0076822D /* Views */,
				8B944C9B1D0A517D0076822D /* Models */,
				8B944C9D1D0A517D0076822D /* Utils */,
				8B944C9C1D0A517D0076822D /* Resource */,
				8B944C9A1D0A517D0076822D /* Lib */,
				8B944C9F1D0A51BD0076822D /* Other */,
			);
			path = yinshijia;
			sourceTree = "<group>";
		};
		27165A401D09AE8100019140 /* yinshijiaTests */ = {
			isa = PBXGroup;
			children = (
				27165A411D09AE8100019140 /* yinshijiaTests.swift */,
				27165A431D09AE8100019140 /* Info.plist */,
			);
			path = yinshijiaTests;
			sourceTree = "<group>";
		};
		27165A4B1D09AE8100019140 /* yinshijiaUITests */ = {
			isa = PBXGroup;
			children = (
				27165A4C1D09AE8100019140 /* yinshijiaUITests.swift */,
				27165A4E1D09AE8100019140 /* Info.plist */,
			);
			path = yinshijiaUITests;
			sourceTree = "<group>";
		};
		273D9C9C1D0D680700E511B1 /* XLPlainFlowLayout */ = {
			isa = PBXGroup;
			children = (
				273D9C9D1D0D680700E511B1 /* XLPlainFlowLayout.h */,
				273D9C9E1D0D680700E511B1 /* XLPlainFlowLayout.m */,
			);
			path = XLPlainFlowLayout;
			sourceTree = "<group>";
		};
		277D65041D2FE62C00324045 /* Discover */ = {
			isa = PBXGroup;
			children = (
				277D65071D2FE68600324045 /* Discover.swift */,
			);
			path = Discover;
			sourceTree = "<group>";
		};
		27B8C5DA1D0BC25F00A9A114 /* Home */ = {
			isa = PBXGroup;
			children = (
				27B8C5DB1D0BC28900A9A114 /* Choice.swift */,
				270291DC1D0C538900009ED3 /* ChoiceOnlyDinnerlists.swift */,
				273D9C941D0CF5AE00E511B1 /* ChefList.swift */,
				273D9C981D0D30F500E511B1 /* Chef.swift */,
				2700B50A1D0EDE9E00FF83D6 /* Goods.swift */,
				8BD02FA41D0FDF7000EA45B0 /* ChoiceList.swift */,
				27BE93E01D103F1600887178 /* CategoryList.swift */,
				8BE377721D1797E0000905A6 /* ChefDinner.swift */,
				8B8F2C151D2CB14900AA79AA /* ChefInfo.swift */,
				8B0A46D01D2FAA2E00E65847 /* MarketGoods.swift */,
			);
			path = Home;
			sourceTree = "<group>";
		};
		7FB0DBE4BE89B9E487EF2F9B /* Frameworks */ = {
			isa = PBXGroup;
			children = (
				09B398C9D62760EB0484300C /* libPods.a */,
			);
			name = Frameworks;
			sourceTree = "<group>";
		};
		8B7F93CB1D0A56E8001A2207 /* Common */ = {
			isa = PBXGroup;
			children = (
				8BD02F981D0FDAF400EA45B0 /* CustomButton.swift */,
				8B1C12211D0AB7A100968DC9 /* Tabbar.swift */,
				270095EA1D2BFAA100007AFF /* SocialView.swift */,
				27B177941D352DFC00E8209B /* PopView.swift */,
			);
			path = Common;
			sourceTree = "<group>";
		};
		8B7F93CC1D0A56E8001A2207 /* CustomMade */ = {
			isa = PBXGroup;
			children = (
			);
			path = CustomMade;
			sourceTree = "<group>";
		};
		8B7F93CD1D0A56E8001A2207 /* Discover */ = {
			isa = PBXGroup;
			children = (
				277D65091D2FE91600324045 /* MenuHeaderView.swift */,
				27F03E231D309FFD008297B6 /* MenuHeaderCollectionViewCell.swift */,
				270295B31D30A88200E468BA /* DiscoverChefCell.swift */,
			);
			path = Discover;
			sourceTree = "<group>";
		};
		8B7F93CE1D0A56E8001A2207 /* Home */ = {
			isa = PBXGroup;
			children = (
				8BA9BC681D2641180044DBFB /* DinnerDetailTableView.swift */,
				8B7F93E41D0A6E65001A2207 /* BtnPageView.swift */,
				270291CE1D0BEF9700009ED3 /* HeaderView.swift */,
				270291D01D0BEFC800009ED3 /* BannerView.swift */,
				270291D61D0C18D900009ED3 /* ChoiceCell.swift */,
				8BD02FA81D0FFABC00EA45B0 /* ChoiceListCell.swift */,
				270291E01D0C74BF00009ED3 /* ChefCell.swift */,
				273D9C961D0D030F00E511B1 /* ChefBannerView.swift */,
				273D9CA01D0D683400E511B1 /* ChefSectionView.swift */,
				27105F8F1D150F0500362F3E /* DinnerDetailIntroductionCell.swift */,
				27105F911D1512C600362F3E /* ChefInfoCell.swift */,
				27105F931D15165B00362F3E /* FeatureDinnerTableView.swift */,
				27105F951D15175300362F3E /* FeatureDinnerDetailCell.swift */,
				27E7EC811D16364C00E3F126 /* FeatureDinnerCell.swift */,
				27E7EC831D163BE500E3F126 /* MoreInfoCell.swift */,
				27E7EC851D163E8300E3F126 /* MenuCell.swift */,
				27E7EC871D163EC500E3F126 /* MenuTable.swift */,
				8BE377701D1796BE000905A6 /* EnvironmentInfoView.swift */,
				8BC8184E1D17A1D8003E9D3E /* AddressInfoCell.swift */,
				8B28037C1D221180002B5ED7 /* HomeNavigationBar.swift */,
				274F7E8D1D28C8150070A16D /* ExtInfoView.swift */,
				2719DFC81D28EA6E006D4467 /* OrderDescriptionCell.swift */,
				2719DFCA1D28ED33006D4467 /* CustomeCommentCell.swift */,
				2719DFCC1D28ED88006D4467 /* CustomeCommentTableView.swift */,
				2719DFD01D28FD93006D4467 /* CommentCell.swift */,
				278F3C851D2AA1B900D5F87B /* CustomMadeView.swift */,
			);
			path = Home;
			sourceTree = "<group>";
		};
		8B7F93CF1D0A56E8001A2207 /* Me */ = {
			isa = PBXGroup;
			children = (
			);
			path = Me;
			sourceTree = "<group>";
		};
		8B7F93D01D0A56E8001A2207 /* Order */ = {
			isa = PBXGroup;
			children = (
			);
			path = Order;
			sourceTree = "<group>";
		};
		8B7F93D11D0A56F8001A2207 /* CustomMade */ = {
			isa = PBXGroup;
			children = (
				8B7F93DA1D0A5755001A2207 /* CustomMadeViewController.swift */,
			);
			path = CustomMade;
			sourceTree = "<group>";
		};
		8B7F93D21D0A56F8001A2207 /* Discover */ = {
			isa = PBXGroup;
			children = (
				8B7F93D81D0A5747001A2207 /* DiscoverViewController.swift */,
			);
			path = Discover;
			sourceTree = "<group>";
		};
		8B7F93D31D0A56F8001A2207 /* Home */ = {
			isa = PBXGroup;
			children = (
				8B7F93D61D0A5733001A2207 /* HomeViewController.swift */,
				8B7F93E21D0A638F001A2207 /* PageViewController.swift */,
				8B1C121F1D0AAD4C00968DC9 /* ChoiceViewController.swift */,
				27C6B86A1D0BD97500B79A83 /* ChefViewController.swift */,
				27C6B86C1D0BD99600B79A83 /* MarketViewController.swift */,
				8BD02FA21D0FDE2700EA45B0 /* ChoiceListTableViewController.swift */,
				27105F8B1D14EFDA00362F3E /* DinnerDetailViewController.swift */,
				8B8489141D2B8FD300128B50 /* CustomeCommentTableViewController.swift */,
				8B8F2C171D2CB28E00AA79AA /* ChefInfoViewController.swift */,
				8B0A46D41D2FAC6800E65847 /* MarketGoodsInfoViewController.swift */,
			);
			path = Home;
			sourceTree = "<group>";
		};
		8B7F93D41D0A56F8001A2207 /* Me */ = {
			isa = PBXGroup;
			children = (
				8B7F93DE1D0A5769001A2207 /* MeViewController.swift */,
			);
			path = Me;
			sourceTree = "<group>";
		};
		8B7F93D51D0A56F8001A2207 /* Order */ = {
			isa = PBXGroup;
			children = (
				8B7F93DC1D0A5761001A2207 /* OrderViewController.swift */,
			);
			path = Order;
			sourceTree = "<group>";
		};
		8B8F2C191D2CCBDC00AA79AA /* ChefInfo */ = {
			isa = PBXGroup;
			children = (
				8B8F2C1C1D2CCC6800AA79AA /* ChefInfoHeaderView.swift */,
				8BF687161D2CDB4D005A427F /* ChefInfoMarksCell.swift */,
				8BF687181D2CE3C8005A427F /* MarksCollectionCell.swift */,
				8BF6871A1D2CEBCF005A427F /* PersonalDinnerCell.swift */,
				8BF6871C1D2CED34005A427F /* PersonalDinnerView.swift */,
				2728CF9C1D2D3B0200420983 /* EnvironmentScrollCell.swift */,
				8BC653D81D2DEBF300728C68 /* HistoryDinnerCell.swift */,
				8BC653DA1D2DEF0300728C68 /* HistoryDinnerCollectionViewCell.swift */,
				279265401D2E9EEE0026FA6C /* ChefInfoSectionHeaderView.swift */,
			);
			path = ChefInfo;
			sourceTree = "<group>";
		};
		8B944C981D0A517D0076822D /* Controllers */ = {
			isa = PBXGroup;
			children = (
				8B944C991D0A517D0076822D /* Common */,
				8B7F93D11D0A56F8001A2207 /* CustomMade */,
				8B7F93D21D0A56F8001A2207 /* Discover */,
				8B7F93D31D0A56F8001A2207 /* Home */,
				8B7F93D41D0A56F8001A2207 /* Me */,
				8B7F93D51D0A56F8001A2207 /* Order */,
			);
			path = Controllers;
			sourceTree = "<group>";
		};
		8B944C991D0A517D0076822D /* Common */ = {
			isa = PBXGroup;
			children = (
				8B944CA01D0A52CE0076822D /* BaseTabBarController.swift */,
				8B944CA21D0A52E40076822D /* BaseNavigationController.swift */,
				8B7F93C91D0A5617001A2207 /* BaseViewController.swift */,
				8B1C121D1D0A9D7400968DC9 /* TranslationTableViewController.swift */,
				270291DE1D0C729F00009ED3 /* TranslationCollectionViewController.swift */,
				8B0A46CE1D2F845600E65847 /* NavigationBarAnimationViewController.swift */,
			);
			path = Common;
			sourceTree = "<group>";
		};
		8B944C9A1D0A517D0076822D /* Lib */ = {
			isa = PBXGroup;
			children = (
				273D9C9C1D0D680700E511B1 /* XLPlainFlowLayout */,
				27C6B87D1D0BE7F100B79A83 /* SwiftyJSON.swift */,
			);
			path = Lib;
			sourceTree = "<group>";
		};
		8B944C9B1D0A517D0076822D /* Models */ = {
			isa = PBXGroup;
			children = (
				277D65041D2FE62C00324045 /* Discover */,
				27B8C5DA1D0BC25F00A9A114 /* Home */,
			);
			path = Models;
			sourceTree = "<group>";
		};
		8B944C9C1D0A517D0076822D /* Resource */ = {
			isa = PBXGroup;
			children = (
			);
			path = Resource;
			sourceTree = "<group>";
		};
		8B944C9D1D0A517D0076822D /* Utils */ = {
			isa = PBXGroup;
			children = (
				8BA4F5AE1D66E1AB00AE94B1 /* UIButtonExtensions.swift */,
				8B7F93C51D0A53F2001A2207 /* Constant.swift */,
				8B7F93C71D0A54D1001A2207 /* Extension.swift */,
				27F684281D0BC9A700603199 /* BaseApi.swift */,
				8B8489121D2B897200128B50 /* SVPHUD.swift */,
			);
			path = Utils;
			sourceTree = "<group>";
		};
		8B944C9E1D0A517D0076822D /* Views */ = {
			isa = PBXGroup;
			children = (
				270295B71D30C25400E468BA /* MarketGoods */,
				8B8F2C191D2CCBDC00AA79AA /* ChefInfo */,
				8B7F93CB1D0A56E8001A2207 /* Common */,
				8B7F93CC1D0A56E8001A2207 /* CustomMade */,
				8B7F93CD1D0A56E8001A2207 /* Discover */,
				8B7F93CE1D0A56E8001A2207 /* Home */,
				8B7F93CF1D0A56E8001A2207 /* Me */,
				8B7F93D01D0A56E8001A2207 /* Order */,
			);
			path = Views;
			sourceTree = "<group>";
		};
		8B944C9F1D0A51BD0076822D /* Other */ = {
			isa = PBXGroup;
			children = (
				27165A301D09AE8000019140 /* Main.storyboard */,
				27165A331D09AE8000019140 /* Assets.xcassets */,
				27165A351D09AE8000019140 /* LaunchScreen.storyboard */,
				27165A381D09AE8000019140 /* Info.plist */,
				8B1C12151D0A950600968DC9 /* yinshijia-Bridging-Header.h */,
			);
			name = Other;
			sourceTree = "<group>";
		};
		AD84247ECA3A4A1F1299A732 /* Pods */ = {
			isa = PBXGroup;
			children = (
				56280425BA504C6113327FD7 /* Pods.debug.xcconfig */,
				F35128F4350D7DC4AA2EC1C7 /* Pods.release.xcconfig */,
			);
			name = Pods;
			sourceTree = "<group>";
		};
/* End PBXGroup section */

/* Begin PBXNativeTarget section */
		27165A281D09AE8000019140 /* yinshijia */ = {
			isa = PBXNativeTarget;
			buildConfigurationList = 27165A511D09AE8100019140 /* Build configuration list for PBXNativeTarget "yinshijia" */;
			buildPhases = (
				DCC7765F865A8A42001DF38F /* Check Pods Manifest.lock */,
				27165A251D09AE8000019140 /* Sources */,
				27165A261D09AE8000019140 /* Frameworks */,
				27165A271D09AE8000019140 /* Resources */,
				B51383E9F1940724CF0C0BCF /* Embed Pods Frameworks */,
				4431551FBB98A3C2DEF75640 /* Copy Pods Resources */,
			);
			buildRules = (
			);
			dependencies = (
			);
			name = yinshijia;
			productName = yinshijia;
			productReference = 27165A291D09AE8000019140 /* yinshijia.app */;
			productType = "com.apple.product-type.application";
		};
		27165A3C1D09AE8100019140 /* yinshijiaTests */ = {
			isa = PBXNativeTarget;
			buildConfigurationList = 27165A541D09AE8100019140 /* Build configuration list for PBXNativeTarget "yinshijiaTests" */;
			buildPhases = (
				27165A391D09AE8100019140 /* Sources */,
				27165A3A1D09AE8100019140 /* Frameworks */,
				27165A3B1D09AE8100019140 /* Resources */,
			);
			buildRules = (
			);
			dependencies = (
				27165A3F1D09AE8100019140 /* PBXTargetDependency */,
			);
			name = yinshijiaTests;
			productName = yinshijiaTests;
			productReference = 27165A3D1D09AE8100019140 /* yinshijiaTests.xctest */;
			productType = "com.apple.product-type.bundle.unit-test";
		};
		27165A471D09AE8100019140 /* yinshijiaUITests */ = {
			isa = PBXNativeTarget;
			buildConfigurationList = 27165A571D09AE8100019140 /* Build configuration list for PBXNativeTarget "yinshijiaUITests" */;
			buildPhases = (
				27165A441D09AE8100019140 /* Sources */,
				27165A451D09AE8100019140 /* Frameworks */,
				27165A461D09AE8100019140 /* Resources */,
			);
			buildRules = (
			);
			dependencies = (
				27165A4A1D09AE8100019140 /* PBXTargetDependency */,
			);
			name = yinshijiaUITests;
			productName = yinshijiaUITests;
			productReference = 27165A481D09AE8100019140 /* yinshijiaUITests.xctest */;
			productType = "com.apple.product-type.bundle.ui-testing";
		};
/* End PBXNativeTarget section */

/* Begin PBXProject section */
		27165A211D09AE8000019140 /* Project object */ = {
			isa = PBXProject;
			attributes = {
				LastSwiftUpdateCheck = 0730;
				LastUpgradeCheck = 0730;
				ORGANIZATIONNAME = tanyadong;
				TargetAttributes = {
					27165A281D09AE8000019140 = {
						CreatedOnToolsVersion = 7.3;
						DevelopmentTeam = 9ADF9M5ZYS;
					};
					27165A3C1D09AE8100019140 = {
						CreatedOnToolsVersion = 7.3;
						DevelopmentTeam = 9ADF9M5ZYS;
						TestTargetID = 27165A281D09AE8000019140;
					};
					27165A471D09AE8100019140 = {
						CreatedOnToolsVersion = 7.3;
						DevelopmentTeam = 9ADF9M5ZYS;
						TestTargetID = 27165A281D09AE8000019140;
					};
				};
			};
			buildConfigurationList = 27165A241D09AE8000019140 /* Build configuration list for PBXProject "yinshijia" */;
			compatibilityVersion = "Xcode 3.2";
			developmentRegion = English;
			hasScannedForEncodings = 0;
			knownRegions = (
				en,
				Base,
			);
			mainGroup = 27165A201D09AE8000019140;
			productRefGroup = 27165A2A1D09AE8000019140 /* Products */;
			projectDirPath = "";
			projectRoot = "";
			targets = (
				27165A281D09AE8000019140 /* yinshijia */,
				27165A3C1D09AE8100019140 /* yinshijiaTests */,
				27165A471D09AE8100019140 /* yinshijiaUITests */,
			);
		};
/* End PBXProject section */

/* Begin PBXResourcesBuildPhase section */
		27165A271D09AE8000019140 /* Resources */ = {
			isa = PBXResourcesBuildPhase;
			buildActionMask = 2147483647;
			files = (
				27165A371D09AE8000019140 /* LaunchScreen.storyboard in Resources */,
				27165A341D09AE8000019140 /* Assets.xcassets in Resources */,
				27165A321D09AE8000019140 /* Main.storyboard in Resources */,
			);
			runOnlyForDeploymentPostprocessing = 0;
		};
		27165A3B1D09AE8100019140 /* Resources */ = {
			isa = PBXResourcesBuildPhase;
			buildActionMask = 2147483647;
			files = (
			);
			runOnlyForDeploymentPostprocessing = 0;
		};
		27165A461D09AE8100019140 /* Resources */ = {
			isa = PBXResourcesBuildPhase;
			buildActionMask = 2147483647;
			files = (
			);
			runOnlyForDeploymentPostprocessing = 0;
		};
/* End PBXResourcesBuildPhase section */

/* Begin PBXShellScriptBuildPhase section */
		4431551FBB98A3C2DEF75640 /* Copy Pods Resources */ = {
			isa = PBXShellScriptBuildPhase;
			buildActionMask = 2147483647;
			files = (
			);
			inputPaths = (
			);
			name = "Copy Pods Resources";
			outputPaths = (
			);
			runOnlyForDeploymentPostprocessing = 0;
			shellPath = /bin/sh;
			shellScript = "\"${SRCROOT}/Pods/Target Support Files/Pods/Pods-resources.sh\"\n";
			showEnvVarsInLog = 0;
		};
		B51383E9F1940724CF0C0BCF /* Embed Pods Frameworks */ = {
			isa = PBXShellScriptBuildPhase;
			buildActionMask = 2147483647;
			files = (
			);
			inputPaths = (
			);
			name = "Embed Pods Frameworks";
			outputPaths = (
			);
			runOnlyForDeploymentPostprocessing = 0;
			shellPath = /bin/sh;
			shellScript = "\"${SRCROOT}/Pods/Target Support Files/Pods/Pods-frameworks.sh\"\n";
			showEnvVarsInLog = 0;
		};
		DCC7765F865A8A42001DF38F /* Check Pods Manifest.lock */ = {
			isa = PBXShellScriptBuildPhase;
			buildActionMask = 2147483647;
			files = (
			);
			inputPaths = (
			);
			name = "Check Pods Manifest.lock";
			outputPaths = (
			);
			runOnlyForDeploymentPostprocessing = 0;
			shellPath = /bin/sh;
			shellScript = "diff \"${PODS_ROOT}/../Podfile.lock\" \"${PODS_ROOT}/Manifest.lock\" > /dev/null\nif [[ $? != 0 ]] ; then\n    cat << EOM\nerror: The sandbox is not in sync with the Podfile.lock. Run 'pod install' or update your CocoaPods installation.\nEOM\n    exit 1\nfi\n";
			showEnvVarsInLog = 0;
		};
/* End PBXShellScriptBuildPhase section */

/* Begin PBXSourcesBuildPhase section */
		27165A251D09AE8000019140 /* Sources */ = {
			isa = PBXSourcesBuildPhase;
			buildActionMask = 2147483647;
			files = (
				8BA9BC691D2641180044DBFB /* DinnerDetailTableView.swift in Sources */,
				8BE377711D1796BE000905A6 /* EnvironmentInfoView.swift in Sources */,
				277D65081D2FE68600324045 /* Discover.swift in Sources */,
				8B7F93E51D0A6E65001A2207 /* BtnPageView.swift in Sources */,
				273D9C991D0D30F500E511B1 /* Chef.swift in Sources */,
				8BD02FA51D0FDF7000EA45B0 /* ChoiceList.swift in Sources */,
				8B7F93DB1D0A5755001A2207 /* CustomMadeViewController.swift in Sources */,
				2700B50B1D0EDE9E00FF83D6 /* Goods.swift in Sources */,
				8B7F93DF1D0A5769001A2207 /* MeViewController.swift in Sources */,
				27E1D48E1D33CAA300914519 /* ScheduleNumberCell.swift in Sources */,
				8BC8184F1D17A1D8003E9D3E /* AddressInfoCell.swift in Sources */,
				8BC653DB1D2DEF0300728C68 /* HistoryDinnerCollectionViewCell.swift in Sources */,
				27C6B87E1D0BE7F100B79A83 /* SwiftyJSON.swift in Sources */,
				274F7E8E1D28C8150070A16D /* ExtInfoView.swift in Sources */,
				8BF6871B1D2CEBCF005A427F /* PersonalDinnerCell.swift in Sources */,
				8BD02FA91D0FFABC00EA45B0 /* ChoiceListCell.swift in Sources */,
				27105F941D15165B00362F3E /* FeatureDinnerTableView.swift in Sources */,
				270291DD1D0C538900009ED3 /* ChoiceOnlyDinnerlists.swift in Sources */,
				8BD02FA31D0FDE2700EA45B0 /* ChoiceListTableViewController.swift in Sources */,
				272A2BB01D310DFA00D6C6A3 /* ScheduleInfoCell.swift in Sources */,
				8BA4F5AF1D66E1AB00AE94B1 /* UIButtonExtensions.swift in Sources */,
				2719DFC91D28EA6E006D4467 /* OrderDescriptionCell.swift in Sources */,
				8B1C12221D0AB7A100968DC9 /* Tabbar.swift in Sources */,
				277D650A1D2FE91600324045 /* MenuHeaderView.swift in Sources */,
				8B0A46D51D2FAC6800E65847 /* MarketGoodsInfoViewController.swift in Sources */,
				27E1D48A1D33CA7F00914519 /* ScheduleTitleCell.swift in Sources */,
				270295B41D30A88200E468BA /* DiscoverChefCell.swift in Sources */,
				8BD02F991D0FDAF400EA45B0 /* CustomButton.swift in Sources */,
				270295BB1D30C68900E468BA /* SelectedTypeCell.swift in Sources */,
				8B7F93DD1D0A5761001A2207 /* OrderViewController.swift in Sources */,
				27E1D4881D33C79E00914519 /* MarketGoodsScheduleView.swift in Sources */,
				8B8F2C181D2CB28E00AA79AA /* ChefInfoViewController.swift in Sources */,
				8B0A46D11D2FAA2E00E65847 /* MarketGoods.swift in Sources */,
				27E7EC821D16364C00E3F126 /* FeatureDinnerCell.swift in Sources */,
				8B7F93E31D0A638F001A2207 /* PageViewController.swift in Sources */,
				8B8F2C161D2CB14900AA79AA /* ChefInfo.swift in Sources */,
				27BE93E11D103F1600887178 /* CategoryList.swift in Sources */,
				8BF687191D2CE3C8005A427F /* MarksCollectionCell.swift in Sources */,
				8B7F93C81D0A54D1001A2207 /* Extension.swift in Sources */,
				8B8F2C1D1D2CCC6800AA79AA /* ChefInfoHeaderView.swift in Sources */,
				27C6B86B1D0BD97500B79A83 /* ChefViewController.swift in Sources */,
				2719DFCB1D28ED33006D4467 /* CustomeCommentCell.swift in Sources */,
				270291DF1D0C729F00009ED3 /* TranslationCollectionViewController.swift in Sources */,
				278F3C861D2AA1B900D5F87B /* CustomMadeView.swift in Sources */,
				270295BD1D30CCAF00E468BA /* GoodsDetailCell.swift in Sources */,
				8B944CA11D0A52CE0076822D /* BaseTabBarController.swift in Sources */,
				270295B91D30C27300E468BA /* GoodsIntroductionCell.swift in Sources */,
				8BF6871D1D2CED34005A427F /* PersonalDinnerView.swift in Sources */,
				8B0A46CF1D2F845600E65847 /* NavigationBarAnimationViewController.swift in Sources */,
				27165A2D1D09AE8000019140 /* AppDelegate.swift in Sources */,
				273D9C971D0D030F00E511B1 /* ChefBannerView.swift in Sources */,
				27B8C5DC1D0BC28900A9A114 /* Choice.swift in Sources */,
				8B944CA31D0A52E40076822D /* BaseNavigationController.swift in Sources */,
				8BC653D91D2DEBF300728C68 /* HistoryDinnerCell.swift in Sources */,
				27E1D48C1D33CA9100914519 /* ScheduleTypeCell.swift in Sources */,
				270291CF1D0BEF9700009ED3 /* HeaderView.swift in Sources */,
				27E1D4901D33D84700914519 /* TypesCollectionViewCell.swift in Sources */,
				273D9C951D0CF5AE00E511B1 /* ChefList.swift in Sources */,
				27F03E241D309FFD008297B6 /* MenuHeaderCollectionViewCell.swift in Sources */,
				8B7F93C61D0A53F2001A2207 /* Constant.swift in Sources */,
				27F684291D0BC9A700603199 /* BaseApi.swift in Sources */,
				8B8489151D2B8FD300128B50 /* CustomeCommentTableViewController.swift in Sources */,
				27C6B86D1D0BD99600B79A83 /* MarketViewController.swift in Sources */,
				27105F901D150F0500362F3E /* DinnerDetailIntroductionCell.swift in Sources */,
				2728CF9D1D2D3B0200420983 /* EnvironmentScrollCell.swift in Sources */,
				8B1C12201D0AAD4C00968DC9 /* ChoiceViewController.swift in Sources */,
				2719DFD11D28FD93006D4467 /* CommentCell.swift in Sources */,
				27105F961D15175300362F3E /* FeatureDinnerDetailCell.swift in Sources */,
				8B1C121E1D0A9D7400968DC9 /* TranslationTableViewController.swift in Sources */,
				8B7F93D91D0A5747001A2207 /* DiscoverViewController.swift in Sources */,
				27105F921D1512C600362F3E /* ChefInfoCell.swift in Sources */,
				27B177951D352DFC00E8209B /* PopView.swift in Sources */,
				8B7F93D71D0A5733001A2207 /* HomeViewController.swift in Sources */,
				8B8489131D2B897200128B50 /* SVPHUD.swift in Sources */,
				8BE377731D1797E0000905A6 /* ChefDinner.swift in Sources */,
				27E7EC841D163BE500E3F126 /* MoreInfoCell.swift in Sources */,
				272A2BAE1D31075800D6C6A3 /* GoodsDetailTableViewCell.swift in Sources */,
				273D9CA11D0D683400E511B1 /* ChefSectionView.swift in Sources */,
				2719DFCD1D28ED88006D4467 /* CustomeCommentTableView.swift in Sources */,
				270291D11D0BEFC800009ED3 /* BannerView.swift in Sources */,
				270291D71D0C18D900009ED3 /* ChoiceCell.swift in Sources */,
				270095EB1D2BFAA100007AFF /* SocialView.swift in Sources */,
				273D9C9F1D0D680700E511B1 /* XLPlainFlowLayout.m in Sources */,
				8BF687171D2CDB4D005A427F /* ChefInfoMarksCell.swift in Sources */,
				27E7EC861D163E8300E3F126 /* MenuCell.swift in Sources */,
				27E7EC881D163EC500E3F126 /* MenuTable.swift in Sources */,
				8B28037D1D221180002B5ED7 /* HomeNavigationBar.swift in Sources */,
				8B7F93CA1D0A5617001A2207 /* BaseViewController.swift in Sources */,
				279265411D2E9EEE0026FA6C /* ChefInfoSectionHeaderView.swift in Sources */,
				27105F8C1D14EFDA00362F3E /* DinnerDetailViewController.swift in Sources */,
				270291E11D0C74BF00009ED3 /* ChefCell.swift in Sources */,
			);
			runOnlyForDeploymentPostprocessing = 0;
		};
		27165A391D09AE8100019140 /* Sources */ = {
			isa = PBXSourcesBuildPhase;
			buildActionMask = 2147483647;
			files = (
				27165A421D09AE8100019140 /* yinshijiaTests.swift in Sources */,
			);
			runOnlyForDeploymentPostprocessing = 0;
		};
		27165A441D09AE8100019140 /* Sources */ = {
			isa = PBXSourcesBuildPhase;
			buildActionMask = 2147483647;
			files = (
				27165A4D1D09AE8100019140 /* yinshijiaUITests.swift in Sources */,
			);
			runOnlyForDeploymentPostprocessing = 0;
		};
/* End PBXSourcesBuildPhase section */

/* Begin PBXTargetDependency section */
		27165A3F1D09AE8100019140 /* PBXTargetDependency */ = {
			isa = PBXTargetDependency;
			target = 27165A281D09AE8000019140 /* yinshijia */;
			targetProxy = 27165A3E1D09AE8100019140 /* PBXContainerItemProxy */;
		};
		27165A4A1D09AE8100019140 /* PBXTargetDependency */ = {
			isa = PBXTargetDependency;
			target = 27165A281D09AE8000019140 /* yinshijia */;
			targetProxy = 27165A491D09AE8100019140 /* PBXContainerItemProxy */;
		};
/* End PBXTargetDependency section */

/* Begin PBXVariantGroup section */
		27165A301D09AE8000019140 /* Main.storyboard */ = {
			isa = PBXVariantGroup;
			children = (
				27165A311D09AE8000019140 /* Base */,
			);
			name = Main.storyboard;
			sourceTree = "<group>";
		};
		27165A351D09AE8000019140 /* LaunchScreen.storyboard */ = {
			isa = PBXVariantGroup;
			children = (
				27165A361D09AE8000019140 /* Base */,
			);
			name = LaunchScreen.storyboard;
			sourceTree = "<group>";
		};
/* End PBXVariantGroup section */

/* Begin XCBuildConfiguration section */
		27165A4F1D09AE8100019140 /* Debug */ = {
			isa = XCBuildConfiguration;
			buildSettings = {
				ALWAYS_SEARCH_USER_PATHS = NO;
				CLANG_ANALYZER_NONNULL = YES;
				CLANG_CXX_LANGUAGE_STANDARD = "gnu++0x";
				CLANG_CXX_LIBRARY = "libc++";
				CLANG_ENABLE_MODULES = YES;
				CLANG_ENABLE_OBJC_ARC = YES;
				CLANG_WARN_BOOL_CONVERSION = YES;
				CLANG_WARN_CONSTANT_CONVERSION = YES;
				CLANG_WARN_DIRECT_OBJC_ISA_USAGE = YES_ERROR;
				CLANG_WARN_EMPTY_BODY = YES;
				CLANG_WARN_ENUM_CONVERSION = YES;
				CLANG_WARN_INT_CONVERSION = YES;
				CLANG_WARN_OBJC_ROOT_CLASS = YES_ERROR;
				CLANG_WARN_UNREACHABLE_CODE = YES;
				CLANG_WARN__DUPLICATE_METHOD_MATCH = YES;
				"CODE_SIGN_IDENTITY[sdk=iphoneos*]" = "iPhone Developer";
				COPY_PHASE_STRIP = NO;
				DEBUG_INFORMATION_FORMAT = dwarf;
				ENABLE_STRICT_OBJC_MSGSEND = YES;
				ENABLE_TESTABILITY = YES;
				GCC_C_LANGUAGE_STANDARD = gnu99;
				GCC_DYNAMIC_NO_PIC = NO;
				GCC_NO_COMMON_BLOCKS = YES;
				GCC_OPTIMIZATION_LEVEL = 0;
				GCC_PREPROCESSOR_DEFINITIONS = (
					"DEBUG=1",
					"$(inherited)",
				);
				GCC_WARN_64_TO_32_BIT_CONVERSION = YES;
				GCC_WARN_ABOUT_RETURN_TYPE = YES_ERROR;
				GCC_WARN_UNDECLARED_SELECTOR = YES;
				GCC_WARN_UNINITIALIZED_AUTOS = YES_AGGRESSIVE;
				GCC_WARN_UNUSED_FUNCTION = YES;
				GCC_WARN_UNUSED_VARIABLE = YES;
				IPHONEOS_DEPLOYMENT_TARGET = 9.3;
				MTL_ENABLE_DEBUG_INFO = YES;
				ONLY_ACTIVE_ARCH = YES;
				SDKROOT = iphoneos;
				SWIFT_OPTIMIZATION_LEVEL = "-Onone";
			};
			name = Debug;
		};
		27165A501D09AE8100019140 /* Release */ = {
			isa = XCBuildConfiguration;
			buildSettings = {
				ALWAYS_SEARCH_USER_PATHS = NO;
				CLANG_ANALYZER_NONNULL = YES;
				CLANG_CXX_LANGUAGE_STANDARD = "gnu++0x";
				CLANG_CXX_LIBRARY = "libc++";
				CLANG_ENABLE_MODULES = YES;
				CLANG_ENABLE_OBJC_ARC = YES;
				CLANG_WARN_BOOL_CONVERSION = YES;
				CLANG_WARN_CONSTANT_CONVERSION = YES;
				CLANG_WARN_DIRECT_OBJC_ISA_USAGE = YES_ERROR;
				CLANG_WARN_EMPTY_BODY = YES;
				CLANG_WARN_ENUM_CONVERSION = YES;
				CLANG_WARN_INT_CONVERSION = YES;
				CLANG_WARN_OBJC_ROOT_CLASS = YES_ERROR;
				CLANG_WARN_UNREACHABLE_CODE = YES;
				CLANG_WARN__DUPLICATE_METHOD_MATCH = YES;
				"CODE_SIGN_IDENTITY[sdk=iphoneos*]" = "iPhone Developer";
				COPY_PHASE_STRIP = NO;
				DEBUG_INFORMATION_FORMAT = "dwarf-with-dsym";
				ENABLE_NS_ASSERTIONS = NO;
				ENABLE_STRICT_OBJC_MSGSEND = YES;
				GCC_C_LANGUAGE_STANDARD = gnu99;
				GCC_NO_COMMON_BLOCKS = YES;
				GCC_WARN_64_TO_32_BIT_CONVERSION = YES;
				GCC_WARN_ABOUT_RETURN_TYPE = YES_ERROR;
				GCC_WARN_UNDECLARED_SELECTOR = YES;
				GCC_WARN_UNINITIALIZED_AUTOS = YES_AGGRESSIVE;
				GCC_WARN_UNUSED_FUNCTION = YES;
				GCC_WARN_UNUSED_VARIABLE = YES;
				IPHONEOS_DEPLOYMENT_TARGET = 9.3;
				MTL_ENABLE_DEBUG_INFO = NO;
				SDKROOT = iphoneos;
				VALIDATE_PRODUCT = YES;
			};
			name = Release;
		};
		27165A521D09AE8100019140 /* Debug */ = {
			isa = XCBuildConfiguration;
			baseConfigurationReference = 56280425BA504C6113327FD7 /* Pods.debug.xcconfig */;
			buildSettings = {
				ASSETCATALOG_COMPILER_APPICON_NAME = AppIcon;
				CLANG_ENABLE_MODULES = YES;
				CODE_SIGN_IDENTITY = "iPhone Developer";
				"CODE_SIGN_IDENTITY[sdk=iphoneos*]" = "iPhone Developer";
				INFOPLIST_FILE = yinshijia/Info.plist;
				IPHONEOS_DEPLOYMENT_TARGET = 8.0;
				LD_RUNPATH_SEARCH_PATHS = "$(inherited) @executable_path/Frameworks";
				PRODUCT_BUNDLE_IDENTIFIER = swiftApp1;
				PRODUCT_NAME = "$(TARGET_NAME)";
				PROVISIONING_PROFILE = "";
				SWIFT_OBJC_BRIDGING_HEADER = "yinshijia/yinshijia-Bridging-Header.h";
				SWIFT_OPTIMIZATION_LEVEL = "-Onone";
			};
			name = Debug;
		};
		27165A531D09AE8100019140 /* Release */ = {
			isa = XCBuildConfiguration;
			baseConfigurationReference = F35128F4350D7DC4AA2EC1C7 /* Pods.release.xcconfig */;
			buildSettings = {
				ASSETCATALOG_COMPILER_APPICON_NAME = AppIcon;
				CLANG_ENABLE_MODULES = YES;
				CODE_SIGN_IDENTITY = "iPhone Developer";
				"CODE_SIGN_IDENTITY[sdk=iphoneos*]" = "iPhone Developer";
				INFOPLIST_FILE = yinshijia/Info.plist;
				IPHONEOS_DEPLOYMENT_TARGET = 8.0;
				LD_RUNPATH_SEARCH_PATHS = "$(inherited) @executable_path/Frameworks";
				PRODUCT_BUNDLE_IDENTIFIER = swiftApp1;
				PRODUCT_NAME = "$(TARGET_NAME)";
				PROVISIONING_PROFILE = "";
				SWIFT_OBJC_BRIDGING_HEADER = "yinshijia/yinshijia-Bridging-Header.h";
			};
			name = Release;
		};
		27165A551D09AE8100019140 /* Debug */ = {
			isa = XCBuildConfiguration;
			buildSettings = {
				BUNDLE_LOADER = "$(TEST_HOST)";
				INFOPLIST_FILE = yinshijiaTests/Info.plist;
				LD_RUNPATH_SEARCH_PATHS = "$(inherited) @executable_path/Frameworks @loader_path/Frameworks";
				PRODUCT_BUNDLE_IDENTIFIER = swift.yinshijiaTests;
				PRODUCT_NAME = "$(TARGET_NAME)";
				TEST_HOST = "$(BUILT_PRODUCTS_DIR)/yinshijia.app/yinshijia";
			};
			name = Debug;
		};
		27165A561D09AE8100019140 /* Release */ = {
			isa = XCBuildConfiguration;
			buildSettings = {
				BUNDLE_LOADER = "$(TEST_HOST)";
				INFOPLIST_FILE = yinshijiaTests/Info.plist;
				LD_RUNPATH_SEARCH_PATHS = "$(inherited) @executable_path/Frameworks @loader_path/Frameworks";
				PRODUCT_BUNDLE_IDENTIFIER = swift.yinshijiaTests;
				PRODUCT_NAME = "$(TARGET_NAME)";
				TEST_HOST = "$(BUILT_PRODUCTS_DIR)/yinshijia.app/yinshijia";
			};
			name = Release;
		};
		27165A581D09AE8100019140 /* Debug */ = {
			isa = XCBuildConfiguration;
			buildSettings = {
				INFOPLIST_FILE = yinshijiaUITests/Info.plist;
				LD_RUNPATH_SEARCH_PATHS = "$(inherited) @executable_path/Frameworks @loader_path/Frameworks";
				PRODUCT_BUNDLE_IDENTIFIER = swift.yinshijiaUITests;
				PRODUCT_NAME = "$(TARGET_NAME)";
				TEST_TARGET_NAME = yinshijia;
			};
			name = Debug;
		};
		27165A591D09AE8100019140 /* Release */ = {
			isa = XCBuildConfiguration;
			buildSettings = {
				INFOPLIST_FILE = yinshijiaUITests/Info.plist;
				LD_RUNPATH_SEARCH_PATHS = "$(inherited) @executable_path/Frameworks @loader_path/Frameworks";
				PRODUCT_BUNDLE_IDENTIFIER = swift.yinshijiaUITests;
				PRODUCT_NAME = "$(TARGET_NAME)";
				TEST_TARGET_NAME = yinshijia;
			};
			name = Release;
		};
/* End XCBuildConfiguration section */

/* Begin XCConfigurationList section */
		27165A241D09AE8000019140 /* Build configuration list for PBXProject "yinshijia" */ = {
			isa = XCConfigurationList;
			buildConfigurations = (
				27165A4F1D09AE8100019140 /* Debug */,
				27165A501D09AE8100019140 /* Release */,
			);
			defaultConfigurationIsVisible = 0;
			defaultConfigurationName = Release;
		};
		27165A511D09AE8100019140 /* Build configuration list for PBXNativeTarget "yinshijia" */ = {
			isa = XCConfigurationList;
			buildConfigurations = (
				27165A521D09AE8100019140 /* Debug */,
				27165A531D09AE8100019140 /* Release */,
			);
			defaultConfigurationIsVisible = 0;
			defaultConfigurationName = Release;
		};
		27165A541D09AE8100019140 /* Build configuration list for PBXNativeTarget "yinshijiaTests" */ = {
			isa = XCConfigurationList;
			buildConfigurations = (
				27165A551D09AE8100019140 /* Debug */,
				27165A561D09AE8100019140 /* Release */,
			);
			defaultConfigurationIsVisible = 0;
			defaultConfigurationName = Release;
		};
		27165A571D09AE8100019140 /* Build configuration list for PBXNativeTarget "yinshijiaUITests" */ = {
			isa = XCConfigurationList;
			buildConfigurations = (
				27165A581D09AE8100019140 /* Debug */,
				27165A591D09AE8100019140 /* Release */,
			);
			defaultConfigurationIsVisible = 0;
			defaultConfigurationName = Release;
		};
/* End XCConfigurationList section */
	};
	rootObject = 27165A211D09AE8000019140 /* Project object */;
}
